
Microsoft Visual Studio Solution File, Format Version 12.00
# Visual Studio Version 16
VisualStudioVersion = 16.0.31702.278
MinimumVisualStudioVersion = 10.0.40219.1
Project("{9A19103F-16F7-4668-BE54-9A1E7A4F7556}") = "MainService", "MainService\MainService.csproj", "{19067E9A-22FB-4786-9248-BB6EC7D503B3}"
EndProject
Project("{9A19103F-16F7-4668-BE54-9A1E7A4F7556}") = "DependentService-1", "DependentService-1\DependentService-1.csproj", "{57656957-D69B-4475-921C-28E8227A20AF}"
EndProject
Project("{9A19103F-16F7-4668-BE54-9A1E7A4F7556}") = "DependentService-2", "DependentService-2\DependentService-2.csproj", "{9A52558E-5A7A-43C7-B12C-B804DF1FBE82}"
EndProject
Project("{FAE04EC0-301F-11D3-BF4B-00C04F79EFBC}") = "MainWebApp", "MainWebApp\MainWebApp.csproj", "{F6DC91FA-E018-45E6-9351-2DB1F1C0E06F}"
EndProject
Global
	GlobalSection(SolutionConfigurationPlatforms) = preSolution
		Debug|Any CPU = Debug|Any CPU
		Release|Any CPU = Release|Any CPU
	EndGlobalSection
	GlobalSection(ProjectConfigurationPlatforms) = postSolution
		{19067E9A-22FB-4786-9248-BB6EC7D503B3}.Debug|Any CPU.ActiveCfg = Debug|Any CPU
		{19067E9A-22FB-4786-9248-BB6EC7D503B3}.Debug|Any CPU.Build.0 = Debug|Any CPU
		{19067E9A-22FB-4786-9248-BB6EC7D503B3}.Release|Any CPU.ActiveCfg = Release|Any CPU
		{19067E9A-22FB-4786-9248-BB6EC7D503B3}.Release|Any CPU.Build.0 = Release|Any CPU
		{57656957-D69B-4475-921C-28E8227A20AF}.Debug|Any CPU.ActiveCfg = Debug|Any CPU
		{57656957-D69B-4475-921C-28E8227A20AF}.Debug|Any CPU.Build.0 = Debug|Any CPU
		{57656957-D69B-4475-921C-28E8227A20AF}.Release|Any CPU.ActiveCfg = Release|Any CPU
		{57656957-D69B-4475-921C-28E8227A20AF}.Release|Any CPU.Build.0 = Release|Any CPU
		{9A52558E-5A7A-43C7-B12C-B804DF1FBE82}.Debug|Any CPU.ActiveCfg = Debug|Any CPU
		{9A52558E-5A7A-43C7-B12C-B804DF1FBE82}.Debug|Any CPU.Build.0 = Debug|Any CPU
		{9A52558E-5A7A-43C7-B12C-B804DF1FBE82}.Release|Any CPU.ActiveCfg = Release|Any CPU
		{9A52558E-5A7A-43C7-B12C-B804DF1FBE82}.Release|Any CPU.Build.0 = Release|Any CPU
		{F6DC91FA-E018-45E6-9351-2DB1F1C0E06F}.Debug|Any CPU.ActiveCfg = Debug|Any CPU
		{F6DC91FA-E018-45E6-9351-2DB1F1C0E06F}.Debug|Any CPU.Build.0 = Debug|Any CPU
		{F6DC91FA-E018-45E6-9351-2DB1F1C0E06F}.Release|Any CPU.ActiveCfg = Release|Any CPU
		{F6DC91FA-E018-45E6-9351-2DB1F1C0E06F}.Release|Any CPU.Build.0 = Release|Any CPU
	EndGlobalSection
	GlobalSection(SolutionProperties) = preSolution
		HideSolutionNode = FALSE
	EndGlobalSection
	GlobalSection(ExtensibilityGlobals) = postSolution
		SolutionGuid = {0CAF590E-5A41-46B5-BCDA-5263AFA7E4D3}
	EndGlobalSection
EndGlobal
